
Microsoft Visual Studio Solution File, Format Version 12.00
# Visual Studio 15
VisualStudioVersion = 15.0.28307.168
MinimumVisualStudioVersion = 10.0.40219.1
Project("{E24C65DC-7377-472B-9ABA-BC803B73C61A}") = "App Dev Assignment", ".", "{28812303-1225-4AE7-8ED8-1476C984F6D0}"
	ProjectSection(WebsiteProperties) = preProject
		TargetFrameworkMoniker = ".NETFramework,Version%3Dv4.0"
		Debug.AspNetCompiler.VirtualPath = "/localhost_9910"
		Debug.AspNetCompiler.PhysicalPath = "F:\Uni\Year 2\Application Development\App Dev Assignment\"
		Debug.AspNetCompiler.TargetPath = "PrecompiledWeb\localhost_9910\"
		Debug.AspNetCompiler.Updateable = "true"
		Debug.AspNetCompiler.ForceOverwrite = "true"
		Debug.AspNetCompiler.FixedNames = "false"
		Debug.AspNetCompiler.Debug = "True"
		Release.AspNetCompiler.VirtualPath = "/localhost_9910"
		Release.AspNetCompiler.PhysicalPath = "F:\Uni\Year 2\Application Development\App Dev Assignment\"
		Release.AspNetCompiler.TargetPath = "PrecompiledWeb\localhost_9910\"
		Release.AspNetCompiler.Updateable = "true"
		Release.AspNetCompiler.ForceOverwrite = "true"
		Release.AspNetCompiler.FixedNames = "false"
		Release.AspNetCompiler.Debug = "False"
		VWDPort = "9910"
	EndProjectSection
EndProject
Global
	GlobalSection(SolutionConfigurationPlatforms) = preSolution
		Debug|Any CPU = Debug|Any CPU
	EndGlobalSection
	GlobalSection(ProjectConfigurationPlatforms) = postSolution
		{28812303-1225-4AE7-8ED8-1476C984F6D0}.Debug|Any CPU.ActiveCfg = Debug|Any CPU
		{28812303-1225-4AE7-8ED8-1476C984F6D0}.Debug|Any CPU.Build.0 = Debug|Any CPU
	EndGlobalSection
	GlobalSection(SolutionProperties) = preSolution
		HideSolutionNode = FALSE
	EndGlobalSection
	GlobalSection(ExtensibilityGlobals) = postSolution
		SolutionGuid = {40BE3340-35F7-437A-9AD2-98E13B7FDAB6}
	EndGlobalSection
EndGlobal
